[[package]]
name = "phonenumbers"
version = "8.12.39"
description = "Python version of Google's common library for parsing, formatting, storing and validating international phone numbers."
category = "main"
optional = false
python-versions = "*"

[metadata]
lock-version = "1.1"
python-versions = "^3.8"
content-hash = "0ca2f442dff6d5cc6ae24147e250deea5249595113c82f31640907ef895404b2"

[metadata.files]
phonenumbers = [
    {file = "phonenumbers-8.12.39-py2.py3-none-any.whl", hash = "sha256:d088a5c85adcd29cd9ff66ec43c4b08dccae3a4e7b046bb43f651e75d4c51165"},
    {file = "phonenumbers-8.12.39.tar.gz", hash = "sha256:0f7745e1f108654db347d885e814cbb5f225b8c5f5ce336024b193c79291ddaa"},
]
